
Microsoft Visual Studio Solution File, Format Version 12.00
# Visual Studio Version 17
VisualStudioVersion = 17.13.35825.156
MinimumVisualStudioVersion = 10.0.40219.1
Project("{FAE04EC0-301F-11D3-BF4B-00C04F79EFBC}") = "WebApi", "WebApi\WebApi.csproj", "{F126C2C5-A19A-42B6-889B-743217277782}"
EndProject
Project("{FAE04EC0-301F-11D3-BF4B-00C04F79EFBC}") = "Data", "Data\Data.csproj", "{5D7E631D-1C96-4FE9-8099-5CA25EA537E3}"
EndProject
Project("{FAE04EC0-301F-11D3-BF4B-00C04F79EFBC}") = "Business", "Business\Business.csproj", "{3EC9D5BF-3155-40D9-9508-DAE89FB951D4}"
EndProject
Global
	GlobalSection(SolutionConfigurationPlatforms) = preSolution
		Debug|Any CPU = Debug|Any CPU
		Release|Any CPU = Release|Any CPU
	EndGlobalSection
	GlobalSection(ProjectConfigurationPlatforms) = postSolution
		{F126C2C5-A19A-42B6-889B-743217277782}.Debug|Any CPU.ActiveCfg = Debug|Any CPU
		{F126C2C5-A19A-42B6-889B-743217277782}.Debug|Any CPU.Build.0 = Debug|Any CPU
		{F126C2C5-A19A-42B6-889B-743217277782}.Release|Any CPU.ActiveCfg = Release|Any CPU
		{F126C2C5-A19A-42B6-889B-743217277782}.Release|Any CPU.Build.0 = Release|Any CPU
		{5D7E631D-1C96-4FE9-8099-5CA25EA537E3}.Debug|Any CPU.ActiveCfg = Debug|Any CPU
		{5D7E631D-1C96-4FE9-8099-5CA25EA537E3}.Debug|Any CPU.Build.0 = Debug|Any CPU
		{5D7E631D-1C96-4FE9-8099-5CA25EA537E3}.Release|Any CPU.ActiveCfg = Release|Any CPU
		{5D7E631D-1C96-4FE9-8099-5CA25EA537E3}.Release|Any CPU.Build.0 = Release|Any CPU
		{3EC9D5BF-3155-40D9-9508-DAE89FB951D4}.Debug|Any CPU.ActiveCfg = Debug|Any CPU
		{3EC9D5BF-3155-40D9-9508-DAE89FB951D4}.Debug|Any CPU.Build.0 = Debug|Any CPU
		{3EC9D5BF-3155-40D9-9508-DAE89FB951D4}.Release|Any CPU.ActiveCfg = Release|Any CPU
		{3EC9D5BF-3155-40D9-9508-DAE89FB951D4}.Release|Any CPU.Build.0 = Release|Any CPU
	EndGlobalSection
	GlobalSection(SolutionProperties) = preSolution
		HideSolutionNode = FALSE
	EndGlobalSection
	GlobalSection(ExtensibilityGlobals) = postSolution
		SolutionGuid = {7F54AEAF-4D38-419A-87BB-800661735A69}
	EndGlobalSection
EndGlobal
